<?xml version="1.0" encoding="utf-8"?>
<Project ToolsVersion="4.0" xmlns="http://schemas.microsoft.com/developer/msbuild/2003">
  <ItemGroup>
    <Filter Include="Snow">
      <UniqueIdentifier>{AC758C7C-98AC-8D0D-4199-73102DAF090F}</UniqueIdentifier>
    </Filter>
    <Filter Include="Snow\Events">
      <UniqueIdentifier>{10880705-7C3D-80FA-0532-7AD171E676FE}</UniqueIdentifier>
    </Filter>
  </ItemGroup>
  <ItemGroup>
    <ClInclude Include="src\Snow.h" />
    <ClInclude Include="src\Snow\Application.h">
      <Filter>Snow</Filter>
    </ClInclude>
    <ClInclude Include="src\Snow\Core.h">
      <Filter>Snow</Filter>
    </ClInclude>
    <ClInclude Include="src\Snow\EntryPoint.h">
      <Filter>Snow</Filter>
    </ClInclude>
    <ClInclude Include="src\Snow\Events\ApplicationEvent.h">
      <Filter>Snow\Events</Filter>
    </ClInclude>
    <ClInclude Include="src\Snow\Events\Event.h">
      <Filter>Snow\Events</Filter>
    </ClInclude>
    <ClInclude Include="src\Snow\Events\KeyEvent.h">
      <Filter>Snow\Events</Filter>
    </ClInclude>
    <ClInclude Include="src\Snow\Events\MouseEvent.h">
      <Filter>Snow\Events</Filter>
    </ClInclude>
    <ClInclude Include="src\Snow\Log.h">
      <Filter>Snow</Filter>
    </ClInclude>
  </ItemGroup>
  <ItemGroup>
    <ClCompile Include="src\Snow\Application.cpp">
      <Filter>Snow</Filter>
    </ClCompile>
    <ClCompile Include="src\Snow\Log.cpp">
      <Filter>Snow</Filter>
    </ClCompile>
  </ItemGroup>
</Project>